// !$*UTF8*$!
{
	archiveVersion = 1;
	classes = {
	};
	objectVersion = 55;
	objects = {

/* Begin PBXBuildFile section */
		5402AD5F28E891BE0059983B /* PlasmaView.swift in Sources */ = {isa = PBXBuildFile; fileRef = 5402AD5E28E891BE0059983B /* PlasmaView.swift */; };
		5402AD6128E892040059983B /* BrownianMotionView.swift in Sources */ = {isa = PBXBuildFile; fileRef = 5402AD6028E892040059983B /* BrownianMotionView.swift */; };
		5402AD6528E89C700059983B /* FractalView.swift in Sources */ = {isa = PBXBuildFile; fileRef = 5402AD6428E89C700059983B /* FractalView.swift */; };
		5402AD6728E89EEF0059983B /* BrownianMotionGenerator.swift in Sources */ = {isa = PBXBuildFile; fileRef = 5402AD6628E89EEF0059983B /* BrownianMotionGenerator.swift */; };
		5425E99A290A9AF600AB9675 /* ColoursViewModel.swift in Sources */ = {isa = PBXBuildFile; fileRef = 5425E999290A9AF600AB9675 /* ColoursViewModel.swift */; };
		5425E99D290BC87800AB9675 /* ColourSettingsView.swift in Sources */ = {isa = PBXBuildFile; fileRef = 5425E99C290BC87800AB9675 /* ColourSettingsView.swift */; };
		5425E9A2290BCF4700AB9675 /* View + Color.swift in Sources */ = {isa = PBXBuildFile; fileRef = 5425E9A1290BCF4700AB9675 /* View + Color.swift */; };
		5425E9A4290BDC7F00AB9675 /* ImagePresenterView.swift in Sources */ = {isa = PBXBuildFile; fileRef = 5425E9A3290BDC7F00AB9675 /* ImagePresenterView.swift */; };
		5425E9A6290BDCF100AB9675 /* ImagePresenter.swift in Sources */ = {isa = PBXBuildFile; fileRef = 5425E9A5290BDCF100AB9675 /* ImagePresenter.swift */; };
		5425E9A8290BF2DC00AB9675 /* ColourImageView.swift in Sources */ = {isa = PBXBuildFile; fileRef = 5425E9A7290BF2DC00AB9675 /* ColourImageView.swift */; };
		5425E9AF290BFD0200AB9675 /* ColourImageViewModel.swift in Sources */ = {isa = PBXBuildFile; fileRef = 5425E9AE290BFD0200AB9675 /* ColourImageViewModel.swift */; };
		5425E9B1290C054200AB9675 /* Color + assets.swift in Sources */ = {isa = PBXBuildFile; fileRef = 5425E9B0290C054200AB9675 /* Color + assets.swift */; };
		5425E9B4290C0C5500AB9675 /* ImagePicker.swift in Sources */ = {isa = PBXBuildFile; fileRef = 5425E9B3290C0C5500AB9675 /* ImagePicker.swift */; };
		5425E9B7290D3E2F00AB9675 /* RGBA32.swift in Sources */ = {isa = PBXBuildFile; fileRef = 5425E9B6290D3E2F00AB9675 /* RGBA32.swift */; };
		5425E9BA290D3F0B00AB9675 /* ImageModifier.swift in Sources */ = {isa = PBXBuildFile; fileRef = 5425E9B9290D3F0B00AB9675 /* ImageModifier.swift */; };
		547B59C928DDA075000A30EE /* FractalsMainView.swift in Sources */ = {isa = PBXBuildFile; fileRef = 547B59C828DDA075000A30EE /* FractalsMainView.swift */; };
		547B59D128DDA2D4000A30EE /* ColoursView.swift in Sources */ = {isa = PBXBuildFile; fileRef = 547B59D028DDA2D4000A30EE /* ColoursView.swift */; };
		547B59D628DDA2F1000A30EE /* MovementView.swift in Sources */ = {isa = PBXBuildFile; fileRef = 547B59D528DDA2F1000A30EE /* MovementView.swift */; };
		547B59D828DDB02E000A30EE /* FractalsViewModel.swift in Sources */ = {isa = PBXBuildFile; fileRef = 547B59D728DDB02E000A30EE /* FractalsViewModel.swift */; };
		547B59DB28DDB230000A30EE /* ShortInfoView.swift in Sources */ = {isa = PBXBuildFile; fileRef = 547B59DA28DDB230000A30EE /* ShortInfoView.swift */; };
		547B59DF28DDB43C000A30EE /* FractalSettingsView.swift in Sources */ = {isa = PBXBuildFile; fileRef = 547B59DE28DDB43C000A30EE /* FractalSettingsView.swift */; };
		547B59E128DDB460000A30EE /* FractalType.swift in Sources */ = {isa = PBXBuildFile; fileRef = 547B59E028DDB460000A30EE /* FractalType.swift */; };
		547B59E328DDC71A000A30EE /* FractalGenerationView.swift in Sources */ = {isa = PBXBuildFile; fileRef = 547B59E228DDC71A000A30EE /* FractalGenerationView.swift */; };
		547B59E528DDC8C6000A30EE /* IntroView.swift in Sources */ = {isa = PBXBuildFile; fileRef = 547B59E428DDC8C6000A30EE /* IntroView.swift */; };
		547B59E828DDC926000A30EE /* IntroItemView.swift in Sources */ = {isa = PBXBuildFile; fileRef = 547B59E728DDC926000A30EE /* IntroItemView.swift */; };
		547B59F128DF6D03000A30EE /* PlasmaGenerator.swift in Sources */ = {isa = PBXBuildFile; fileRef = 547B59F028DF6D03000A30EE /* PlasmaGenerator.swift */; };
		5487156F2902FFF6000964A2 /* SnapKit in Frameworks */ = {isa = PBXBuildFile; productRef = 5487156E2902FFF6000964A2 /* SnapKit */; };
		54871572290570C4000964A2 /* Number + Range.swift in Sources */ = {isa = PBXBuildFile; fileRef = 54871571290570C4000964A2 /* Number + Range.swift */; };
		5487157B2905BDCE000964A2 /* CGImage + Bitmap.swift in Sources */ = {isa = PBXBuildFile; fileRef = 5487157A2905BDCE000964A2 /* CGImage + Bitmap.swift */; };
		54E4AAE328DC61A200DD3039 /* CGAppApp.swift in Sources */ = {isa = PBXBuildFile; fileRef = 54E4AAE228DC61A200DD3039 /* CGAppApp.swift */; };
		54E4AAE528DC61A200DD3039 /* MainView.swift in Sources */ = {isa = PBXBuildFile; fileRef = 54E4AAE428DC61A200DD3039 /* MainView.swift */; };
		54E4AAE728DC61A400DD3039 /* Assets.xcassets in Resources */ = {isa = PBXBuildFile; fileRef = 54E4AAE628DC61A400DD3039 /* Assets.xcassets */; };
		54E4AAEA28DC61A400DD3039 /* Preview Assets.xcassets in Resources */ = {isa = PBXBuildFile; fileRef = 54E4AAE928DC61A400DD3039 /* Preview Assets.xcassets */; };
		54FCEFCC28E9B0A0005AE50D /* View + Image.swift in Sources */ = {isa = PBXBuildFile; fileRef = 54FCEFCB28E9B0A0005AE50D /* View + Image.swift */; };
		54FCEFCF28EB0278005AE50D /* ScreenshotMaker.swift in Sources */ = {isa = PBXBuildFile; fileRef = 54FCEFCE28EB0278005AE50D /* ScreenshotMaker.swift */; };
		54FCEFD228EC247D005AE50D /* ImageSaver.swift in Sources */ = {isa = PBXBuildFile; fileRef = 54FCEFD128EC247D005AE50D /* ImageSaver.swift */; };
		54FCEFD828EC7418005AE50D /* Color + Values.swift in Sources */ = {isa = PBXBuildFile; fileRef = 54FCEFD728EC7418005AE50D /* Color + Values.swift */; };
		54FCEFE228EC9F54005AE50D /* ProgressButtonStyle.swift in Sources */ = {isa = PBXBuildFile; fileRef = 54FCEFE128EC9F54005AE50D /* ProgressButtonStyle.swift */; };
/* End PBXBuildFile section */

/* Begin PBXFileReference section */
		5402AD5E28E891BE0059983B /* PlasmaView.swift */ = {isa = PBXFileReference; lastKnownFileType = sourcecode.swift; path = PlasmaView.swift; sourceTree = "<group>"; };
		5402AD6028E892040059983B /* BrownianMotionView.swift */ = {isa = PBXFileReference; lastKnownFileType = sourcecode.swift; path = BrownianMotionView.swift; sourceTree = "<group>"; };
		5402AD6428E89C700059983B /* FractalView.swift */ = {isa = PBXFileReference; lastKnownFileType = sourcecode.swift; path = FractalView.swift; sourceTree = "<group>"; };
		5402AD6628E89EEF0059983B /* BrownianMotionGenerator.swift */ = {isa = PBXFileReference; lastKnownFileType = sourcecode.swift; path = BrownianMotionGenerator.swift; sourceTree = "<group>"; };
		5425E999290A9AF600AB9675 /* ColoursViewModel.swift */ = {isa = PBXFileReference; lastKnownFileType = sourcecode.swift; path = ColoursViewModel.swift; sourceTree = "<group>"; };
		5425E99C290BC87800AB9675 /* ColourSettingsView.swift */ = {isa = PBXFileReference; lastKnownFileType = sourcecode.swift; path = ColourSettingsView.swift; sourceTree = "<group>"; };
		5425E9A1290BCF4700AB9675 /* View + Color.swift */ = {isa = PBXFileReference; lastKnownFileType = sourcecode.swift; path = "View + Color.swift"; sourceTree = "<group>"; };
		5425E9A3290BDC7F00AB9675 /* ImagePresenterView.swift */ = {isa = PBXFileReference; lastKnownFileType = sourcecode.swift; path = ImagePresenterView.swift; sourceTree = "<group>"; };
		5425E9A5290BDCF100AB9675 /* ImagePresenter.swift */ = {isa = PBXFileReference; lastKnownFileType = sourcecode.swift; path = ImagePresenter.swift; sourceTree = "<group>"; };
		5425E9A7290BF2DC00AB9675 /* ColourImageView.swift */ = {isa = PBXFileReference; lastKnownFileType = sourcecode.swift; path = ColourImageView.swift; sourceTree = "<group>"; };
		5425E9AE290BFD0200AB9675 /* ColourImageViewModel.swift */ = {isa = PBXFileReference; lastKnownFileType = sourcecode.swift; path = ColourImageViewModel.swift; sourceTree = "<group>"; };
		5425E9B0290C054200AB9675 /* Color + assets.swift */ = {isa = PBXFileReference; lastKnownFileType = sourcecode.swift; path = "Color + assets.swift"; sourceTree = "<group>"; };
		5425E9B3290C0C5500AB9675 /* ImagePicker.swift */ = {isa = PBXFileReference; fileEncoding = 4; lastKnownFileType = sourcecode.swift; path = ImagePicker.swift; sourceTree = "<group>"; };
		5425E9B6290D3E2F00AB9675 /* RGBA32.swift */ = {isa = PBXFileReference; lastKnownFileType = sourcecode.swift; path = RGBA32.swift; sourceTree = "<group>"; };
		5425E9B9290D3F0B00AB9675 /* ImageModifier.swift */ = {isa = PBXFileReference; lastKnownFileType = sourcecode.swift; path = ImageModifier.swift; sourceTree = "<group>"; };
		547B59C828DDA075000A30EE /* FractalsMainView.swift */ = {isa = PBXFileReference; lastKnownFileType = sourcecode.swift; path = FractalsMainView.swift; sourceTree = "<group>"; };
		547B59D028DDA2D4000A30EE /* ColoursView.swift */ = {isa = PBXFileReference; lastKnownFileType = sourcecode.swift; path = ColoursView.swift; sourceTree = "<group>"; };
		547B59D528DDA2F1000A30EE /* MovementView.swift */ = {isa = PBXFileReference; lastKnownFileType = sourcecode.swift; path = MovementView.swift; sourceTree = "<group>"; };
		547B59D728DDB02E000A30EE /* FractalsViewModel.swift */ = {isa = PBXFileReference; lastKnownFileType = sourcecode.swift; path = FractalsViewModel.swift; sourceTree = "<group>"; };
		547B59DA28DDB230000A30EE /* ShortInfoView.swift */ = {isa = PBXFileReference; lastKnownFileType = sourcecode.swift; path = ShortInfoView.swift; sourceTree = "<group>"; };
		547B59DE28DDB43C000A30EE /* FractalSettingsView.swift */ = {isa = PBXFileReference; lastKnownFileType = sourcecode.swift; path = FractalSettingsView.swift; sourceTree = "<group>"; };
		547B59E028DDB460000A30EE /* FractalType.swift */ = {isa = PBXFileReference; lastKnownFileType = sourcecode.swift; path = FractalType.swift; sourceTree = "<group>"; };
		547B59E228DDC71A000A30EE /* FractalGenerationView.swift */ = {isa = PBXFileReference; lastKnownFileType = sourcecode.swift; path = FractalGenerationView.swift; sourceTree = "<group>"; };
		547B59E428DDC8C6000A30EE /* IntroView.swift */ = {isa = PBXFileReference; lastKnownFileType = sourcecode.swift; path = IntroView.swift; sourceTree = "<group>"; };
		547B59E728DDC926000A30EE /* IntroItemView.swift */ = {isa = PBXFileReference; lastKnownFileType = sourcecode.swift; path = IntroItemView.swift; sourceTree = "<group>"; };
		547B59F028DF6D03000A30EE /* PlasmaGenerator.swift */ = {isa = PBXFileReference; lastKnownFileType = sourcecode.swift; path = PlasmaGenerator.swift; sourceTree = "<group>"; };
		54871571290570C4000964A2 /* Number + Range.swift */ = {isa = PBXFileReference; lastKnownFileType = sourcecode.swift; path = "Number + Range.swift"; sourceTree = "<group>"; };
		5487157A2905BDCE000964A2 /* CGImage + Bitmap.swift */ = {isa = PBXFileReference; lastKnownFileType = sourcecode.swift; path = "CGImage + Bitmap.swift"; sourceTree = "<group>"; };
		54E4AADF28DC61A200DD3039 /* CGApp.app */ = {isa = PBXFileReference; explicitFileType = wrapper.application; includeInIndex = 0; path = CGApp.app; sourceTree = BUILT_PRODUCTS_DIR; };
		54E4AAE228DC61A200DD3039 /* CGAppApp.swift */ = {isa = PBXFileReference; lastKnownFileType = sourcecode.swift; path = CGAppApp.swift; sourceTree = "<group>"; };
		54E4AAE428DC61A200DD3039 /* MainView.swift */ = {isa = PBXFileReference; lastKnownFileType = sourcecode.swift; path = MainView.swift; sourceTree = "<group>"; };
		54E4AAE628DC61A400DD3039 /* Assets.xcassets */ = {isa = PBXFileReference; lastKnownFileType = folder.assetcatalog; path = Assets.xcassets; sourceTree = "<group>"; };
		54E4AAE928DC61A400DD3039 /* Preview Assets.xcassets */ = {isa = PBXFileReference; lastKnownFileType = folder.assetcatalog; path = "Preview Assets.xcassets"; sourceTree = "<group>"; };
		54FCEFCB28E9B0A0005AE50D /* View + Image.swift */ = {isa = PBXFileReference; lastKnownFileType = sourcecode.swift; path = "View + Image.swift"; sourceTree = "<group>"; };
		54FCEFCE28EB0278005AE50D /* ScreenshotMaker.swift */ = {isa = PBXFileReference; lastKnownFileType = sourcecode.swift; path = ScreenshotMaker.swift; sourceTree = "<group>"; };
		54FCEFD128EC247D005AE50D /* ImageSaver.swift */ = {isa = PBXFileReference; lastKnownFileType = sourcecode.swift; path = ImageSaver.swift; sourceTree = "<group>"; };
		54FCEFD728EC7418005AE50D /* Color + Values.swift */ = {isa = PBXFileReference; lastKnownFileType = sourcecode.swift; path = "Color + Values.swift"; sourceTree = "<group>"; };
		54FCEFE128EC9F54005AE50D /* ProgressButtonStyle.swift */ = {isa = PBXFileReference; lastKnownFileType = sourcecode.swift; path = ProgressButtonStyle.swift; sourceTree = "<group>"; };
/* End PBXFileReference section */

/* Begin PBXFrameworksBuildPhase section */
		54E4AADC28DC61A200DD3039 /* Frameworks */ = {
			isa = PBXFrameworksBuildPhase;
			buildActionMask = 2147483647;
			files = (
				5487156F2902FFF6000964A2 /* SnapKit in Frameworks */,
			);
			runOnlyForDeploymentPostprocessing = 0;
		};
/* End PBXFrameworksBuildPhase section */

/* Begin PBXGroup section */
		5402AD6228E89C5E0059983B /* Design */ = {
			isa = PBXGroup;
			children = (
				54FCEFE028EC9F42005AE50D /* ButtonStyles */,
			);
			path = Design;
			sourceTree = "<group>";
		};
		5402AD6828E9B0560059983B /* View */ = {
			isa = PBXGroup;
			children = (
				54FCEFCB28E9B0A0005AE50D /* View + Image.swift */,
				5425E9A1290BCF4700AB9675 /* View + Color.swift */,
			);
			path = View;
			sourceTree = "<group>";
		};
		5405231C28E8695B00306635 /* FractalSettings */ = {
			isa = PBXGroup;
			children = (
				547B59DE28DDB43C000A30EE /* FractalSettingsView.swift */,
			);
			path = FractalSettings;
			sourceTree = "<group>";
		};
		5425E99B290BC86100AB9675 /* ColourSettings */ = {
			isa = PBXGroup;
			children = (
				5425E99C290BC87800AB9675 /* ColourSettingsView.swift */,
			);
			path = ColourSettings;
			sourceTree = "<group>";
		};
		5425E99E290BCEC200AB9675 /* Views */ = {
			isa = PBXGroup;
			children = (
				5425E9A3290BDC7F00AB9675 /* ImagePresenterView.swift */,
				5425E9A5290BDCF100AB9675 /* ImagePresenter.swift */,
			);
			path = Views;
			sourceTree = "<group>";
		};
		5425E9AD290BFCF300AB9675 /* ColourImage */ = {
			isa = PBXGroup;
			children = (
				5425E9A7290BF2DC00AB9675 /* ColourImageView.swift */,
				5425E9AE290BFD0200AB9675 /* ColourImageViewModel.swift */,
			);
			path = ColourImage;
			sourceTree = "<group>";
		};
		5425E9B2290C0C4D00AB9675 /* ImagePicker */ = {
			isa = PBXGroup;
			children = (
				5425E9B3290C0C5500AB9675 /* ImagePicker.swift */,
			);
			path = ImagePicker;
			sourceTree = "<group>";
		};
		5425E9B5290D3E2400AB9675 /* RGBA */ = {
			isa = PBXGroup;
			children = (
				5425E9B6290D3E2F00AB9675 /* RGBA32.swift */,
			);
			path = RGBA;
			sourceTree = "<group>";
		};
		5425E9B8290D3EFF00AB9675 /* ImageModifier */ = {
			isa = PBXGroup;
			children = (
				5425E9B9290D3F0B00AB9675 /* ImageModifier.swift */,
			);
			path = ImageModifier;
			sourceTree = "<group>";
		};
		547B59BD28DD9D1A000A30EE /* Application */ = {
			isa = PBXGroup;
			children = (
				54E4AAE228DC61A200DD3039 /* CGAppApp.swift */,
				547B59BE28DD9D22000A30EE /* Resources */,
			);
			path = Application;
			sourceTree = "<group>";
		};
		547B59BE28DD9D22000A30EE /* Resources */ = {
			isa = PBXGroup;
			children = (
				54E4AAE828DC61A400DD3039 /* Preview Content */,
				54E4AAE628DC61A400DD3039 /* Assets.xcassets */,
			);
			path = Resources;
			sourceTree = "<group>";
		};
		547B59BF28DD9D38000A30EE /* DataLayer */ = {
			isa = PBXGroup;
			children = (
				5425E9B5290D3E2400AB9675 /* RGBA */,
				54FCEFDB28EC8ACE005AE50D /* Fractal */,
			);
			path = DataLayer;
			sourceTree = "<group>";
		};
		547B59C028DD9D42000A30EE /* BusinessLayer */ = {
			isa = PBXGroup;
			children = (
				547B59EF28DF6CE8000A30EE /* FractalManagers */,
				547B59C728DD9D8C000A30EE /* Services */,
			);
			path = BusinessLayer;
			sourceTree = "<group>";
		};
		547B59C128DD9D48000A30EE /* PresentationLayer */ = {
			isa = PBXGroup;
			children = (
				547B59D928DDB202000A30EE /* ShortInfo */,
				547B59C628DD9D79000A30EE /* Movement */,
				547B59C528DD9D72000A30EE /* Colours */,
				547B59C428DD9D68000A30EE /* Fractals */,
				547B59C328DD9D60000A30EE /* Main */,
			);
			path = PresentationLayer;
			sourceTree = "<group>";
		};
		547B59C228DD9D4E000A30EE /* Utils */ = {
			isa = PBXGroup;
			children = (
				5425E9B8290D3EFF00AB9675 /* ImageModifier */,
				5425E9B2290C0C4D00AB9675 /* ImagePicker */,
				54FCEFD028EC246D005AE50D /* ImageSaver */,
				54FCEFCD28EB0263005AE50D /* ScreenShotMaker */,
				5402AD6228E89C5E0059983B /* Design */,
				547B59F228E0BC3A000A30EE /* Extensions */,
			);
			path = Utils;
			sourceTree = "<group>";
		};
		547B59C328DD9D60000A30EE /* Main */ = {
			isa = PBXGroup;
			children = (
				547B59E628DDC916000A30EE /* Components */,
				54E4AAE428DC61A200DD3039 /* MainView.swift */,
			);
			path = Main;
			sourceTree = "<group>";
		};
		547B59C428DD9D68000A30EE /* Fractals */ = {
			isa = PBXGroup;
			children = (
				547B59CC28DDA094000A30EE /* Components */,
				547B59CB28DDA08F000A30EE /* ViewModel */,
				547B59CA28DDA084000A30EE /* View */,
			);
			path = Fractals;
			sourceTree = "<group>";
		};
		547B59C528DD9D72000A30EE /* Colours */ = {
			isa = PBXGroup;
			children = (
				547B59CF28DDA2C6000A30EE /* Components */,
				547B59CE28DDA2C1000A30EE /* ViewModel */,
				547B59CD28DDA2B7000A30EE /* View */,
			);
			path = Colours;
			sourceTree = "<group>";
		};
		547B59C628DD9D79000A30EE /* Movement */ = {
			isa = PBXGroup;
			children = (
				547B59D428DDA2E3000A30EE /* Components */,
				547B59D328DDA2DC000A30EE /* ViewModel */,
				547B59D228DDA2D8000A30EE /* View */,
			);
			path = Movement;
			sourceTree = "<group>";
		};
		547B59C728DD9D8C000A30EE /* Services */ = {
			isa = PBXGroup;
			children = (
			);
			path = Services;
			sourceTree = "<group>";
		};
		547B59CA28DDA084000A30EE /* View */ = {
			isa = PBXGroup;
			children = (
				547B59C828DDA075000A30EE /* FractalsMainView.swift */,
			);
			path = View;
			sourceTree = "<group>";
		};
		547B59CB28DDA08F000A30EE /* ViewModel */ = {
			isa = PBXGroup;
			children = (
				547B59D728DDB02E000A30EE /* FractalsViewModel.swift */,
			);
			path = ViewModel;
			sourceTree = "<group>";
		};
		547B59CC28DDA094000A30EE /* Components */ = {
			isa = PBXGroup;
			children = (
				5405231C28E8695B00306635 /* FractalSettings */,
				547B59E928DE1B12000A30EE /* FractalGeneration */,
			);
			path = Components;
			sourceTree = "<group>";
		};
		547B59CD28DDA2B7000A30EE /* View */ = {
			isa = PBXGroup;
			children = (
				547B59D028DDA2D4000A30EE /* ColoursView.swift */,
			);
			path = View;
			sourceTree = "<group>";
		};
		547B59CE28DDA2C1000A30EE /* ViewModel */ = {
			isa = PBXGroup;
			children = (
				5425E999290A9AF600AB9675 /* ColoursViewModel.swift */,
			);
			path = ViewModel;
			sourceTree = "<group>";
		};
		547B59CF28DDA2C6000A30EE /* Components */ = {
			isa = PBXGroup;
			children = (
				5425E9AD290BFCF300AB9675 /* ColourImage */,
				5425E99E290BCEC200AB9675 /* Views */,
				5425E99B290BC86100AB9675 /* ColourSettings */,
			);
			path = Components;
			sourceTree = "<group>";
		};
		547B59D228DDA2D8000A30EE /* View */ = {
			isa = PBXGroup;
			children = (
				547B59D528DDA2F1000A30EE /* MovementView.swift */,
			);
			path = View;
			sourceTree = "<group>";
		};
		547B59D328DDA2DC000A30EE /* ViewModel */ = {
			isa = PBXGroup;
			children = (
			);
			path = ViewModel;
			sourceTree = "<group>";
		};
		547B59D428DDA2E3000A30EE /* Components */ = {
			isa = PBXGroup;
			children = (
			);
			path = Components;
			sourceTree = "<group>";
		};
		547B59D928DDB202000A30EE /* ShortInfo */ = {
			isa = PBXGroup;
			children = (
				547B59DA28DDB230000A30EE /* ShortInfoView.swift */,
			);
			path = ShortInfo;
			sourceTree = "<group>";
		};
		547B59E628DDC916000A30EE /* Components */ = {
			isa = PBXGroup;
			children = (
				547B59E428DDC8C6000A30EE /* IntroView.swift */,
				547B59E728DDC926000A30EE /* IntroItemView.swift */,
			);
			path = Components;
			sourceTree = "<group>";
		};
		547B59E928DE1B12000A30EE /* FractalGeneration */ = {
			isa = PBXGroup;
			children = (
				547B59E228DDC71A000A30EE /* FractalGenerationView.swift */,
				5402AD6428E89C700059983B /* FractalView.swift */,
				5402AD5E28E891BE0059983B /* PlasmaView.swift */,
				5402AD6028E892040059983B /* BrownianMotionView.swift */,
			);
			path = FractalGeneration;
			sourceTree = "<group>";
		};
		547B59EF28DF6CE8000A30EE /* FractalManagers */ = {
			isa = PBXGroup;
			children = (
				547B59F028DF6D03000A30EE /* PlasmaGenerator.swift */,
				5402AD6628E89EEF0059983B /* BrownianMotionGenerator.swift */,
			);
			path = FractalManagers;
			sourceTree = "<group>";
		};
		547B59F228E0BC3A000A30EE /* Extensions */ = {
			isa = PBXGroup;
			children = (
				548715792905BDC1000964A2 /* CGImage */,
				54871570290570AD000964A2 /* Number */,
				5402AD6828E9B0560059983B /* View */,
				547B59F328E0BC41000A30EE /* UIColor */,
			);
			path = Extensions;
			sourceTree = "<group>";
		};
		547B59F328E0BC41000A30EE /* UIColor */ = {
			isa = PBXGroup;
			children = (
				54FCEFD728EC7418005AE50D /* Color + Values.swift */,
				5425E9B0290C054200AB9675 /* Color + assets.swift */,
			);
			path = UIColor;
			sourceTree = "<group>";
		};
		54871570290570AD000964A2 /* Number */ = {
			isa = PBXGroup;
			children = (
				54871571290570C4000964A2 /* Number + Range.swift */,
			);
			path = Number;
			sourceTree = "<group>";
		};
		548715792905BDC1000964A2 /* CGImage */ = {
			isa = PBXGroup;
			children = (
				5487157A2905BDCE000964A2 /* CGImage + Bitmap.swift */,
			);
			path = CGImage;
			sourceTree = "<group>";
		};
		54E4AAD628DC61A200DD3039 = {
			isa = PBXGroup;
			children = (
				54E4AAE128DC61A200DD3039 /* CGApp */,
				54E4AAE028DC61A200DD3039 /* Products */,
				54FCEFD428EC4B77005AE50D /* Frameworks */,
			);
			sourceTree = "<group>";
		};
		54E4AAE028DC61A200DD3039 /* Products */ = {
			isa = PBXGroup;
			children = (
				54E4AADF28DC61A200DD3039 /* CGApp.app */,
			);
			name = Products;
			sourceTree = "<group>";
		};
		54E4AAE128DC61A200DD3039 /* CGApp */ = {
			isa = PBXGroup;
			children = (
				547B59BD28DD9D1A000A30EE /* Application */,
				547B59BF28DD9D38000A30EE /* DataLayer */,
				547B59C028DD9D42000A30EE /* BusinessLayer */,
				547B59C128DD9D48000A30EE /* PresentationLayer */,
				547B59C228DD9D4E000A30EE /* Utils */,
			);
			path = CGApp;
			sourceTree = "<group>";
		};
		54E4AAE828DC61A400DD3039 /* Preview Content */ = {
			isa = PBXGroup;
			children = (
				54E4AAE928DC61A400DD3039 /* Preview Assets.xcassets */,
			);
			path = "Preview Content";
			sourceTree = "<group>";
		};
		54FCEFCD28EB0263005AE50D /* ScreenShotMaker */ = {
			isa = PBXGroup;
			children = (
				54FCEFCE28EB0278005AE50D /* ScreenshotMaker.swift */,
			);
			path = ScreenShotMaker;
			sourceTree = "<group>";
		};
		54FCEFD028EC246D005AE50D /* ImageSaver */ = {
			isa = PBXGroup;
			children = (
				54FCEFD128EC247D005AE50D /* ImageSaver.swift */,
			);
			path = ImageSaver;
			sourceTree = "<group>";
		};
		54FCEFD428EC4B77005AE50D /* Frameworks */ = {
			isa = PBXGroup;
			children = (
			);
			name = Frameworks;
			sourceTree = "<group>";
		};
		54FCEFDB28EC8ACE005AE50D /* Fractal */ = {
			isa = PBXGroup;
			children = (
				547B59E028DDB460000A30EE /* FractalType.swift */,
			);
			path = Fractal;
			sourceTree = "<group>";
		};
		54FCEFE028EC9F42005AE50D /* ButtonStyles */ = {
			isa = PBXGroup;
			children = (
				54FCEFE128EC9F54005AE50D /* ProgressButtonStyle.swift */,
			);
			path = ButtonStyles;
			sourceTree = "<group>";
		};
/* End PBXGroup section */

/* Begin PBXNativeTarget section */
		54E4AADE28DC61A200DD3039 /* CGApp */ = {
			isa = PBXNativeTarget;
			buildConfigurationList = 54E4AAED28DC61A400DD3039 /* Build configuration list for PBXNativeTarget "CGApp" */;
			buildPhases = (
				54E4AADB28DC61A200DD3039 /* Sources */,
				54E4AADC28DC61A200DD3039 /* Frameworks */,
				54E4AADD28DC61A200DD3039 /* Resources */,
			);
			buildRules = (
			);
			dependencies = (
			);
			name = CGApp;
			packageProductDependencies = (
				5487156E2902FFF6000964A2 /* SnapKit */,
			);
			productName = CGApp;
			productReference = 54E4AADF28DC61A200DD3039 /* CGApp.app */;
			productType = "com.apple.product-type.application";
		};
/* End PBXNativeTarget section */

/* Begin PBXProject section */
		54E4AAD728DC61A200DD3039 /* Project object */ = {
			isa = PBXProject;
			attributes = {
				BuildIndependentTargetsInParallel = 1;
				LastSwiftUpdateCheck = 1340;
				LastUpgradeCheck = 1340;
				TargetAttributes = {
					54E4AADE28DC61A200DD3039 = {
						CreatedOnToolsVersion = 13.4;
					};
				};
			};
			buildConfigurationList = 54E4AADA28DC61A200DD3039 /* Build configuration list for PBXProject "CGApp" */;
			compatibilityVersion = "Xcode 13.0";
			developmentRegion = en;
			hasScannedForEncodings = 0;
			knownRegions = (
				en,
				Base,
			);
			mainGroup = 54E4AAD628DC61A200DD3039;
			packageReferences = (
				5487156D2902FFF6000964A2 /* XCRemoteSwiftPackageReference "SnapKit" */,
			);
			productRefGroup = 54E4AAE028DC61A200DD3039 /* Products */;
			projectDirPath = "";
			projectRoot = "";
			targets = (
				54E4AADE28DC61A200DD3039 /* CGApp */,
			);
		};
/* End PBXProject section */

/* Begin PBXResourcesBuildPhase section */
		54E4AADD28DC61A200DD3039 /* Resources */ = {
			isa = PBXResourcesBuildPhase;
			buildActionMask = 2147483647;
			files = (
				54E4AAEA28DC61A400DD3039 /* Preview Assets.xcassets in Resources */,
				54E4AAE728DC61A400DD3039 /* Assets.xcassets in Resources */,
			);
			runOnlyForDeploymentPostprocessing = 0;
		};
/* End PBXResourcesBuildPhase section */

/* Begin PBXSourcesBuildPhase section */
		54E4AADB28DC61A200DD3039 /* Sources */ = {
			isa = PBXSourcesBuildPhase;
			buildActionMask = 2147483647;
			files = (
				5425E99D290BC87800AB9675 /* ColourSettingsView.swift in Sources */,
				54E4AAE528DC61A200DD3039 /* MainView.swift in Sources */,
				547B59D628DDA2F1000A30EE /* MovementView.swift in Sources */,
				5425E9B4290C0C5500AB9675 /* ImagePicker.swift in Sources */,
				5402AD6728E89EEF0059983B /* BrownianMotionGenerator.swift in Sources */,
				5425E99A290A9AF600AB9675 /* ColoursViewModel.swift in Sources */,
				5425E9B1290C054200AB9675 /* Color + assets.swift in Sources */,
				5425E9AF290BFD0200AB9675 /* ColourImageViewModel.swift in Sources */,
				5402AD5F28E891BE0059983B /* PlasmaView.swift in Sources */,
				5402AD6128E892040059983B /* BrownianMotionView.swift in Sources */,
				5402AD6528E89C700059983B /* FractalView.swift in Sources */,
				54871572290570C4000964A2 /* Number + Range.swift in Sources */,
				54FCEFCF28EB0278005AE50D /* ScreenshotMaker.swift in Sources */,
				5425E9A8290BF2DC00AB9675 /* ColourImageView.swift in Sources */,
				5487157B2905BDCE000964A2 /* CGImage + Bitmap.swift in Sources */,
				54FCEFD228EC247D005AE50D /* ImageSaver.swift in Sources */,
				54E4AAE328DC61A200DD3039 /* CGAppApp.swift in Sources */,
				54FCEFD828EC7418005AE50D /* Color + Values.swift in Sources */,
				547B59D128DDA2D4000A30EE /* ColoursView.swift in Sources */,
				547B59E328DDC71A000A30EE /* FractalGenerationView.swift in Sources */,
				5425E9B7290D3E2F00AB9675 /* RGBA32.swift in Sources */,
				547B59D828DDB02E000A30EE /* FractalsViewModel.swift in Sources */,
				5425E9A4290BDC7F00AB9675 /* ImagePresenterView.swift in Sources */,
				54FCEFCC28E9B0A0005AE50D /* View + Image.swift in Sources */,
				547B59DF28DDB43C000A30EE /* FractalSettingsView.swift in Sources */,
				54FCEFE228EC9F54005AE50D /* ProgressButtonStyle.swift in Sources */,
				5425E9A6290BDCF100AB9675 /* ImagePresenter.swift in Sources */,
				547B59DB28DDB230000A30EE /* ShortInfoView.swift in Sources */,
				547B59F128DF6D03000A30EE /* PlasmaGenerator.swift in Sources */,
				547B59E828DDC926000A30EE /* IntroItemView.swift in Sources */,
				547B59E128DDB460000A30EE /* FractalType.swift in Sources */,
				5425E9BA290D3F0B00AB9675 /* ImageModifier.swift in Sources */,
				547B59E528DDC8C6000A30EE /* IntroView.swift in Sources */,
				5425E9A2290BCF4700AB9675 /* View + Color.swift in Sources */,
				547B59C928DDA075000A30EE /* FractalsMainView.swift in Sources */,
			);
			runOnlyForDeploymentPostprocessing = 0;
		};
/* End PBXSourcesBuildPhase section */

/* Begin XCBuildConfiguration section */
		54E4AAEB28DC61A400DD3039 /* Debug */ = {
			isa = XCBuildConfiguration;
			buildSettings = {
				ALWAYS_SEARCH_USER_PATHS = NO;
				CLANG_ANALYZER_NONNULL = YES;
				CLANG_ANALYZER_NUMBER_OBJECT_CONVERSION = YES_AGGRESSIVE;
				CLANG_CXX_LANGUAGE_STANDARD = "gnu++17";
				CLANG_ENABLE_MODULES = YES;
				CLANG_ENABLE_OBJC_ARC = YES;
				CLANG_ENABLE_OBJC_WEAK = YES;
				CLANG_WARN_BLOCK_CAPTURE_AUTORELEASING = YES;
				CLANG_WARN_BOOL_CONVERSION = YES;
				CLANG_WARN_COMMA = YES;
				CLANG_WARN_CONSTANT_CONVERSION = YES;
				CLANG_WARN_DEPRECATED_OBJC_IMPLEMENTATIONS = YES;
				CLANG_WARN_DIRECT_OBJC_ISA_USAGE = YES_ERROR;
				CLANG_WARN_DOCUMENTATION_COMMENTS = YES;
				CLANG_WARN_EMPTY_BODY = YES;
				CLANG_WARN_ENUM_CONVERSION = YES;
				CLANG_WARN_INFINITE_RECURSION = YES;
				CLANG_WARN_INT_CONVERSION = YES;
				CLANG_WARN_NON_LITERAL_NULL_CONVERSION = YES;
				CLANG_WARN_OBJC_IMPLICIT_RETAIN_SELF = YES;
				CLANG_WARN_OBJC_LITERAL_CONVERSION = YES;
				CLANG_WARN_OBJC_ROOT_CLASS = YES_ERROR;
				CLANG_WARN_QUOTED_INCLUDE_IN_FRAMEWORK_HEADER = YES;
				CLANG_WARN_RANGE_LOOP_ANALYSIS = YES;
				CLANG_WARN_STRICT_PROTOTYPES = YES;
				CLANG_WARN_SUSPICIOUS_MOVE = YES;
				CLANG_WARN_UNGUARDED_AVAILABILITY = YES_AGGRESSIVE;
				CLANG_WARN_UNREACHABLE_CODE = YES;
				CLANG_WARN__DUPLICATE_METHOD_MATCH = YES;
				COPY_PHASE_STRIP = NO;
				DEBUG_INFORMATION_FORMAT = dwarf;
				ENABLE_STRICT_OBJC_MSGSEND = YES;
				ENABLE_TESTABILITY = YES;
				GCC_C_LANGUAGE_STANDARD = gnu11;
				GCC_DYNAMIC_NO_PIC = NO;
				GCC_NO_COMMON_BLOCKS = YES;
				GCC_OPTIMIZATION_LEVEL = 0;
				GCC_PREPROCESSOR_DEFINITIONS = (
					"DEBUG=1",
					"$(inherited)",
				);
				GCC_WARN_64_TO_32_BIT_CONVERSION = YES;
				GCC_WARN_ABOUT_RETURN_TYPE = YES_ERROR;
				GCC_WARN_UNDECLARED_SELECTOR = YES;
				GCC_WARN_UNINITIALIZED_AUTOS = YES_AGGRESSIVE;
				GCC_WARN_UNUSED_FUNCTION = YES;
				GCC_WARN_UNUSED_VARIABLE = YES;
				IPHONEOS_DEPLOYMENT_TARGET = 16.0;
				MTL_ENABLE_DEBUG_INFO = INCLUDE_SOURCE;
				MTL_FAST_MATH = YES;
				ONLY_ACTIVE_ARCH = YES;
				SDKROOT = iphoneos;
				SWIFT_ACTIVE_COMPILATION_CONDITIONS = DEBUG;
				SWIFT_OPTIMIZATION_LEVEL = "-Onone";
			};
			name = Debug;
		};
		54E4AAEC28DC61A400DD3039 /* Release */ = {
			isa = XCBuildConfiguration;
			buildSettings = {
				ALWAYS_SEARCH_USER_PATHS = NO;
				CLANG_ANALYZER_NONNULL = YES;
				CLANG_ANALYZER_NUMBER_OBJECT_CONVERSION = YES_AGGRESSIVE;
				CLANG_CXX_LANGUAGE_STANDARD = "gnu++17";
				CLANG_ENABLE_MODULES = YES;
				CLANG_ENABLE_OBJC_ARC = YES;
				CLANG_ENABLE_OBJC_WEAK = YES;
				CLANG_WARN_BLOCK_CAPTURE_AUTORELEASING = YES;
				CLANG_WARN_BOOL_CONVERSION = YES;
				CLANG_WARN_COMMA = YES;
				CLANG_WARN_CONSTANT_CONVERSION = YES;
				CLANG_WARN_DEPRECATED_OBJC_IMPLEMENTATIONS = YES;
				CLANG_WARN_DIRECT_OBJC_ISA_USAGE = YES_ERROR;
				CLANG_WARN_DOCUMENTATION_COMMENTS = YES;
				CLANG_WARN_EMPTY_BODY = YES;
				CLANG_WARN_ENUM_CONVERSION = YES;
				CLANG_WARN_INFINITE_RECURSION = YES;
				CLANG_WARN_INT_CONVERSION = YES;
				CLANG_WARN_NON_LITERAL_NULL_CONVERSION = YES;
				CLANG_WARN_OBJC_IMPLICIT_RETAIN_SELF = YES;
				CLANG_WARN_OBJC_LITERAL_CONVERSION = YES;
				CLANG_WARN_OBJC_ROOT_CLASS = YES_ERROR;
				CLANG_WARN_QUOTED_INCLUDE_IN_FRAMEWORK_HEADER = YES;
				CLANG_WARN_RANGE_LOOP_ANALYSIS = YES;
				CLANG_WARN_STRICT_PROTOTYPES = YES;
				CLANG_WARN_SUSPICIOUS_MOVE = YES;
				CLANG_WARN_UNGUARDED_AVAILABILITY = YES_AGGRESSIVE;
				CLANG_WARN_UNREACHABLE_CODE = YES;
				CLANG_WARN__DUPLICATE_METHOD_MATCH = YES;
				COPY_PHASE_STRIP = NO;
				DEBUG_INFORMATION_FORMAT = "dwarf-with-dsym";
				ENABLE_NS_ASSERTIONS = NO;
				ENABLE_STRICT_OBJC_MSGSEND = YES;
				GCC_C_LANGUAGE_STANDARD = gnu11;
				GCC_NO_COMMON_BLOCKS = YES;
				GCC_WARN_64_TO_32_BIT_CONVERSION = YES;
				GCC_WARN_ABOUT_RETURN_TYPE = YES_ERROR;
				GCC_WARN_UNDECLARED_SELECTOR = YES;
				GCC_WARN_UNINITIALIZED_AUTOS = YES_AGGRESSIVE;
				GCC_WARN_UNUSED_FUNCTION = YES;
				GCC_WARN_UNUSED_VARIABLE = YES;
				IPHONEOS_DEPLOYMENT_TARGET = 16.0;
				MTL_ENABLE_DEBUG_INFO = NO;
				MTL_FAST_MATH = YES;
				SDKROOT = iphoneos;
				SWIFT_COMPILATION_MODE = wholemodule;
				SWIFT_OPTIMIZATION_LEVEL = "-O";
				VALIDATE_PRODUCT = YES;
			};
			name = Release;
		};
		54E4AAEE28DC61A400DD3039 /* Debug */ = {
			isa = XCBuildConfiguration;
			buildSettings = {
				ASSETCATALOG_COMPILER_APPICON_NAME = AppIcon;
				ASSETCATALOG_COMPILER_GLOBAL_ACCENT_COLOR_NAME = AccentColor;
				CODE_SIGN_STYLE = Automatic;
				CURRENT_PROJECT_VERSION = 1;
				DEVELOPMENT_ASSET_PATHS = "\"CGApp/Application/Resources/Preview Content\"";
				DEVELOPMENT_TEAM = 4LMDFB95MF;
				ENABLE_PREVIEWS = YES;
				GENERATE_INFOPLIST_FILE = YES;
				INFOPLIST_KEY_CFBundleDisplayName = "CG Artwork";
				INFOPLIST_KEY_LSApplicationCategoryType = "public.app-category.education";
				INFOPLIST_KEY_NSPhotoLibraryAddUsageDescription = "App needs access to your photo library to save images of experiments";
				INFOPLIST_KEY_UIApplicationSceneManifest_Generation = YES;
				INFOPLIST_KEY_UIApplicationSupportsIndirectInputEvents = YES;
				INFOPLIST_KEY_UILaunchScreen_Generation = YES;
				INFOPLIST_KEY_UISupportedInterfaceOrientations_iPad = "UIInterfaceOrientationPortrait UIInterfaceOrientationPortraitUpsideDown UIInterfaceOrientationLandscapeLeft UIInterfaceOrientationLandscapeRight";
				INFOPLIST_KEY_UISupportedInterfaceOrientations_iPhone = "UIInterfaceOrientationPortrait UIInterfaceOrientationLandscapeLeft UIInterfaceOrientationLandscapeRight";
				LD_RUNPATH_SEARCH_PATHS = (
					"$(inherited)",
					"@executable_path/Frameworks",
				);
				MARKETING_VERSION = 1.0;
				PRODUCT_BUNDLE_IDENTIFIER = com.edu.CG.MatviySuk.CGApp;
				PRODUCT_NAME = "$(TARGET_NAME)";
				SWIFT_EMIT_LOC_STRINGS = YES;
				SWIFT_VERSION = 5.0;
				TARGETED_DEVICE_FAMILY = "1,2";
			};
			name = Debug;
		};
		54E4AAEF28DC61A400DD3039 /* Release */ = {
			isa = XCBuildConfiguration;
			buildSettings = {
				ASSETCATALOG_COMPILER_APPICON_NAME = AppIcon;
				ASSETCATALOG_COMPILER_GLOBAL_ACCENT_COLOR_NAME = AccentColor;
				CODE_SIGN_STYLE = Automatic;
				CURRENT_PROJECT_VERSION = 1;
				DEVELOPMENT_ASSET_PATHS = "\"CGApp/Application/Resources/Preview Content\"";
				DEVELOPMENT_TEAM = 4LMDFB95MF;
				ENABLE_PREVIEWS = YES;
				GENERATE_INFOPLIST_FILE = YES;
				INFOPLIST_KEY_CFBundleDisplayName = "CG Artwork";
				INFOPLIST_KEY_LSApplicationCategoryType = "public.app-category.education";
				INFOPLIST_KEY_NSPhotoLibraryAddUsageDescription = "App needs access to your photo library to save images of experiments";
				INFOPLIST_KEY_UIApplicationSceneManifest_Generation = YES;
				INFOPLIST_KEY_UIApplicationSupportsIndirectInputEvents = YES;
				INFOPLIST_KEY_UILaunchScreen_Generation = YES;
				INFOPLIST_KEY_UISupportedInterfaceOrientations_iPad = "UIInterfaceOrientationPortrait UIInterfaceOrientationPortraitUpsideDown UIInterfaceOrientationLandscapeLeft UIInterfaceOrientationLandscapeRight";
				INFOPLIST_KEY_UISupportedInterfaceOrientations_iPhone = "UIInterfaceOrientationPortrait UIInterfaceOrientationLandscapeLeft UIInterfaceOrientationLandscapeRight";
				LD_RUNPATH_SEARCH_PATHS = (
					"$(inherited)",
					"@executable_path/Frameworks",
				);
				MARKETING_VERSION = 1.0;
				PRODUCT_BUNDLE_IDENTIFIER = com.edu.CG.MatviySuk.CGApp;
				PRODUCT_NAME = "$(TARGET_NAME)";
				SWIFT_EMIT_LOC_STRINGS = YES;
				SWIFT_VERSION = 5.0;
				TARGETED_DEVICE_FAMILY = "1,2";
			};
			name = Release;
		};
/* End XCBuildConfiguration section */

/* Begin XCConfigurationList section */
		54E4AADA28DC61A200DD3039 /* Build configuration list for PBXProject "CGApp" */ = {
			isa = XCConfigurationList;
			buildConfigurations = (
				54E4AAEB28DC61A400DD3039 /* Debug */,
				54E4AAEC28DC61A400DD3039 /* Release */,
			);
			defaultConfigurationIsVisible = 0;
			defaultConfigurationName = Release;
		};
		54E4AAED28DC61A400DD3039 /* Build configuration list for PBXNativeTarget "CGApp" */ = {
			isa = XCConfigurationList;
			buildConfigurations = (
				54E4AAEE28DC61A400DD3039 /* Debug */,
				54E4AAEF28DC61A400DD3039 /* Release */,
			);
			defaultConfigurationIsVisible = 0;
			defaultConfigurationName = Release;
		};
/* End XCConfigurationList section */

/* Begin XCRemoteSwiftPackageReference section */
		5487156D2902FFF6000964A2 /* XCRemoteSwiftPackageReference "SnapKit" */ = {
			isa = XCRemoteSwiftPackageReference;
			repositoryURL = "https://github.com/SnapKit/SnapKit.git";
			requirement = {
				kind = upToNextMinorVersion;
				minimumVersion = 5.6.0;
			};
		};
/* End XCRemoteSwiftPackageReference section */

/* Begin XCSwiftPackageProductDependency section */
		5487156E2902FFF6000964A2 /* SnapKit */ = {
			isa = XCSwiftPackageProductDependency;
			package = 5487156D2902FFF6000964A2 /* XCRemoteSwiftPackageReference "SnapKit" */;
			productName = SnapKit;
		};
/* End XCSwiftPackageProductDependency section */
	};
	rootObject = 54E4AAD728DC61A200DD3039 /* Project object */;
}
